
Microsoft Visual Studio Solution File, Format Version 12.00
# Visual Studio Version 17
VisualStudioVersion = 17.4.33205.214
MinimumVisualStudioVersion = 10.0.40219.1
Project("{FAE04EC0-301F-11D3-BF4B-00C04F79EFBC}") = "AES_Decrypter", "AES_Decrypter\AES_Decrypter.csproj", "{7AC30784-31CF-4E2C-A3E2-CF631ABD4DD1}"
EndProject
Project("{FAE04EC0-301F-11D3-BF4B-00C04F79EFBC}") = "AES_Encrypter", "AES_Encrypter\AES_Encrypter.csproj", "{7B6A1E6D-49F7-49F6-8752-5058DEED8F2E}"
EndProject
Global
	GlobalSection(SolutionConfigurationPlatforms) = preSolution
		Debug|Any CPU = Debug|Any CPU
		Release|Any CPU = Release|Any CPU
	EndGlobalSection
	GlobalSection(ProjectConfigurationPlatforms) = postSolution
		{7AC30784-31CF-4E2C-A3E2-CF631ABD4DD1}.Debug|Any CPU.ActiveCfg = Debug|Any CPU
		{7AC30784-31CF-4E2C-A3E2-CF631ABD4DD1}.Debug|Any CPU.Build.0 = Debug|Any CPU
		{7AC30784-31CF-4E2C-A3E2-CF631ABD4DD1}.Release|Any CPU.ActiveCfg = Release|Any CPU
		{7AC30784-31CF-4E2C-A3E2-CF631ABD4DD1}.Release|Any CPU.Build.0 = Release|Any CPU
		{7B6A1E6D-49F7-49F6-8752-5058DEED8F2E}.Debug|Any CPU.ActiveCfg = Debug|Any CPU
		{7B6A1E6D-49F7-49F6-8752-5058DEED8F2E}.Debug|Any CPU.Build.0 = Debug|Any CPU
		{7B6A1E6D-49F7-49F6-8752-5058DEED8F2E}.Release|Any CPU.ActiveCfg = Release|Any CPU
		{7B6A1E6D-49F7-49F6-8752-5058DEED8F2E}.Release|Any CPU.Build.0 = Release|Any CPU
	EndGlobalSection
	GlobalSection(SolutionProperties) = preSolution
		HideSolutionNode = FALSE
	EndGlobalSection
	GlobalSection(ExtensibilityGlobals) = postSolution
		SolutionGuid = {CF7FEBA4-E681-4585-9F47-B95C075F500A}
	EndGlobalSection
EndGlobal
